
Microsoft Visual Studio Solution File, Format Version 12.00
# Visual Studio Version 17
VisualStudioVersion = 17.14.36127.28 d17.14
MinimumVisualStudioVersion = 10.0.40219.1
Project("{FAE04EC0-301F-11D3-BF4B-00C04F79EFBC}") = "Task3", "Task3\Task3.csproj", "{F6729002-6311-4423-BC78-529B9A9689F2}"
EndProject
Global
	GlobalSection(SolutionConfigurationPlatforms) = preSolution
		Debug|Any CPU = Debug|Any CPU
		Release|Any CPU = Release|Any CPU
	EndGlobalSection
	GlobalSection(ProjectConfigurationPlatforms) = postSolution
		{F6729002-6311-4423-BC78-529B9A9689F2}.Debug|Any CPU.ActiveCfg = Debug|Any CPU
		{F6729002-6311-4423-BC78-529B9A9689F2}.Debug|Any CPU.Build.0 = Debug|Any CPU
		{F6729002-6311-4423-BC78-529B9A9689F2}.Release|Any CPU.ActiveCfg = Release|Any CPU
		{F6729002-6311-4423-BC78-529B9A9689F2}.Release|Any CPU.Build.0 = Release|Any CPU
	EndGlobalSection
	GlobalSection(SolutionProperties) = preSolution
		HideSolutionNode = FALSE
	EndGlobalSection
	GlobalSection(ExtensibilityGlobals) = postSolution
		SolutionGuid = {F1627542-C6D9-4498-96B6-477E05FEEA4B}
	EndGlobalSection
EndGlobal
